
Microsoft Visual Studio Solution File, Format Version 12.00
# Visual Studio Version 17
VisualStudioVersion = 17.5.33424.131
MinimumVisualStudioVersion = 10.0.40219.1
Project("{FAE04EC0-301F-11D3-BF4B-00C04F79EFBC}") = "ManipulacaoStrings.ConsoleApp", "ManipulacaoStrings.ConsoleApp\ManipulacaoStrings.ConsoleApp.csproj", "{D461354A-B35C-4FCB-8595-8D57E4151D20}"
EndProject
Project("{FAE04EC0-301F-11D3-BF4B-00C04F79EFBC}") = "ManipulacaoStrings2.ConsoleApp", "ManipulacaoStrings2.ConsoleApp\ManipulacaoStrings2.ConsoleApp.csproj", "{B6C94CAF-9A7D-4561-84FA-DFCEF6CDCD13}"
EndProject
Project("{FAE04EC0-301F-11D3-BF4B-00C04F79EFBC}") = "ManipulacaoStrings3.ConsoleApp", "ManipulacaoStrings3.ConsoleApp\ManipulacaoStrings3.ConsoleApp.csproj", "{7DE91066-6E75-40AD-8D5A-F59110FB57C1}"
EndProject
Project("{FAE04EC0-301F-11D3-BF4B-00C04F79EFBC}") = "ManipulacaoStrings4.ConsoleApp", "ManipulacaoStrings4.ConsoleApp\ManipulacaoStrings4.ConsoleApp.csproj", "{0BF9537E-C685-4863-8325-C742B0471AAE}"
EndProject
Project("{FAE04EC0-301F-11D3-BF4B-00C04F79EFBC}") = "ManipulacaoStrings5.ConsoleApp", "ManipulacaoStrings5.ConsoleApp\ManipulacaoStrings5.ConsoleApp.csproj", "{FF71CCAE-2267-4D33-8AD5-1BD34CF2999A}"
EndProject
Global
	GlobalSection(SolutionConfigurationPlatforms) = preSolution
		Debug|Any CPU = Debug|Any CPU
		Release|Any CPU = Release|Any CPU
	EndGlobalSection
	GlobalSection(ProjectConfigurationPlatforms) = postSolution
		{D461354A-B35C-4FCB-8595-8D57E4151D20}.Debug|Any CPU.ActiveCfg = Debug|Any CPU
		{D461354A-B35C-4FCB-8595-8D57E4151D20}.Debug|Any CPU.Build.0 = Debug|Any CPU
		{D461354A-B35C-4FCB-8595-8D57E4151D20}.Release|Any CPU.ActiveCfg = Release|Any CPU
		{D461354A-B35C-4FCB-8595-8D57E4151D20}.Release|Any CPU.Build.0 = Release|Any CPU
		{B6C94CAF-9A7D-4561-84FA-DFCEF6CDCD13}.Debug|Any CPU.ActiveCfg = Debug|Any CPU
		{B6C94CAF-9A7D-4561-84FA-DFCEF6CDCD13}.Debug|Any CPU.Build.0 = Debug|Any CPU
		{B6C94CAF-9A7D-4561-84FA-DFCEF6CDCD13}.Release|Any CPU.ActiveCfg = Release|Any CPU
		{B6C94CAF-9A7D-4561-84FA-DFCEF6CDCD13}.Release|Any CPU.Build.0 = Release|Any CPU
		{7DE91066-6E75-40AD-8D5A-F59110FB57C1}.Debug|Any CPU.ActiveCfg = Debug|Any CPU
		{7DE91066-6E75-40AD-8D5A-F59110FB57C1}.Debug|Any CPU.Build.0 = Debug|Any CPU
		{7DE91066-6E75-40AD-8D5A-F59110FB57C1}.Release|Any CPU.ActiveCfg = Release|Any CPU
		{7DE91066-6E75-40AD-8D5A-F59110FB57C1}.Release|Any CPU.Build.0 = Release|Any CPU
		{0BF9537E-C685-4863-8325-C742B0471AAE}.Debug|Any CPU.ActiveCfg = Debug|Any CPU
		{0BF9537E-C685-4863-8325-C742B0471AAE}.Debug|Any CPU.Build.0 = Debug|Any CPU
		{0BF9537E-C685-4863-8325-C742B0471AAE}.Release|Any CPU.ActiveCfg = Release|Any CPU
		{0BF9537E-C685-4863-8325-C742B0471AAE}.Release|Any CPU.Build.0 = Release|Any CPU
		{FF71CCAE-2267-4D33-8AD5-1BD34CF2999A}.Debug|Any CPU.ActiveCfg = Debug|Any CPU
		{FF71CCAE-2267-4D33-8AD5-1BD34CF2999A}.Debug|Any CPU.Build.0 = Debug|Any CPU
		{FF71CCAE-2267-4D33-8AD5-1BD34CF2999A}.Release|Any CPU.ActiveCfg = Release|Any CPU
		{FF71CCAE-2267-4D33-8AD5-1BD34CF2999A}.Release|Any CPU.Build.0 = Release|Any CPU
	EndGlobalSection
	GlobalSection(SolutionProperties) = preSolution
		HideSolutionNode = FALSE
	EndGlobalSection
	GlobalSection(ExtensibilityGlobals) = postSolution
		SolutionGuid = {A8EEC4C9-8A73-4513-8355-2A04E2EC9E4D}
	EndGlobalSection
EndGlobal
